// !$*UTF8*$!
{
	archiveVersion = 1;
	classes = {
	};
	objectVersion = 46;
	objects = {

/* Begin PBXBuildFile section */
		21AEA87C1D736770005EF030 /* AppDelegate.swift in Sources */ = {isa = PBXBuildFile; fileRef = 21AEA87B1D736770005EF030 /* AppDelegate.swift */; };
		21AEA8811D736770005EF030 /* Main.storyboard in Resources */ = {isa = PBXBuildFile; fileRef = 21AEA87F1D736770005EF030 /* Main.storyboard */; };
		21AEA8831D736770005EF030 /* Assets.xcassets in Resources */ = {isa = PBXBuildFile; fileRef = 21AEA8821D736770005EF030 /* Assets.xcassets */; };
		21AEA8861D736770005EF030 /* LaunchScreen.storyboard in Resources */ = {isa = PBXBuildFile; fileRef = 21AEA8841D736770005EF030 /* LaunchScreen.storyboard */; };
		21D476A91D74CD780094FCBC /* MessageListTableViewController.swift in Sources */ = {isa = PBXBuildFile; fileRef = 21D476A81D74CD780094FCBC /* MessageListTableViewController.swift */; };
		21D476AB1D74CDE10094FCBC /* ProfileViewController.swift in Sources */ = {isa = PBXBuildFile; fileRef = 21D476AA1D74CDE10094FCBC /* ProfileViewController.swift */; };
		21D476AF1D74CEF50094FCBC /* ContactsTableViewController.swift in Sources */ = {isa = PBXBuildFile; fileRef = 21D476AE1D74CEF50094FCBC /* ContactsTableViewController.swift */; };
		21D476B11D74CF230094FCBC /* ContactDetailViewController.swift in Sources */ = {isa = PBXBuildFile; fileRef = 21D476B01D74CF230094FCBC /* ContactDetailViewController.swift */; };
		21D476B31D74CFC70094FCBC /* MessageDetailViewController.swift in Sources */ = {isa = PBXBuildFile; fileRef = 21D476B21D74CFC70094FCBC /* MessageDetailViewController.swift */; };
		21D476B61D74D0DD0094FCBC /* MessageTableViewCell.swift in Sources */ = {isa = PBXBuildFile; fileRef = 21D476B51D74D0DD0094FCBC /* MessageTableViewCell.swift */; };
		21D476B91D74D1010094FCBC /* Model.xcdatamodeld in Sources */ = {isa = PBXBuildFile; fileRef = 21D476B71D74D1010094FCBC /* Model.xcdatamodeld */; };
		21D477031D75FC580094FCBC /* User.swift in Sources */ = {isa = PBXBuildFile; fileRef = 21D476FD1D75FC580094FCBC /* User.swift */; };
		21D477071D75FC580094FCBC /* Message.swift in Sources */ = {isa = PBXBuildFile; fileRef = 21D477011D75FC580094FCBC /* Message.swift */; };
		21D4770A1D75FD390094FCBC /* Stack.swift in Sources */ = {isa = PBXBuildFile; fileRef = 21D477091D75FD390094FCBC /* Stack.swift */; };
		21D477121D7603520094FCBC /* UserController.swift in Sources */ = {isa = PBXBuildFile; fileRef = 21D477111D7603520094FCBC /* UserController.swift */; };
		21D477161D7603650094FCBC /* MessageController.swift in Sources */ = {isa = PBXBuildFile; fileRef = 21D477151D7603650094FCBC /* MessageController.swift */; };
		21D477191D7603850094FCBC /* CloudKitManager.swift in Sources */ = {isa = PBXBuildFile; fileRef = 21D477181D7603850094FCBC /* CloudKitManager.swift */; };
		21D4773D1D7638AB0094FCBC /* LoginViewController.swift in Sources */ = {isa = PBXBuildFile; fileRef = 21D4773C1D7638AB0094FCBC /* LoginViewController.swift */; };
		21D477441D767DD40094FCBC /* CloudKit.framework in Frameworks */ = {isa = PBXBuildFile; fileRef = 21D477431D767DD40094FCBC /* CloudKit.framework */; };
		21D4777B1D7775990094FCBC /* MessageTesterViewController.swift in Sources */ = {isa = PBXBuildFile; fileRef = 21D4777A1D7775990094FCBC /* MessageTesterViewController.swift */; };
		21F8FA691D78C264002F99DB /* Message+CoreDataProperties.swift in Sources */ = {isa = PBXBuildFile; fileRef = 21F8FA681D78C264002F99DB /* Message+CoreDataProperties.swift */; };
		21F8FA6B1D78E97C002F99DB /* User+CoreDataProperties.swift in Sources */ = {isa = PBXBuildFile; fileRef = 21F8FA6A1D78E97C002F99DB /* User+CoreDataProperties.swift */; };
/* End PBXBuildFile section */

/* Begin PBXFileReference section */
		21AEA8781D736770005EF030 /* WhereYouApp.app */ = {isa = PBXFileReference; explicitFileType = wrapper.application; includeInIndex = 0; path = WhereYouApp.app; sourceTree = BUILT_PRODUCTS_DIR; };
		21AEA87B1D736770005EF030 /* AppDelegate.swift */ = {isa = PBXFileReference; lastKnownFileType = sourcecode.swift; path = AppDelegate.swift; sourceTree = "<group>"; };
		21AEA8801D736770005EF030 /* Base */ = {isa = PBXFileReference; lastKnownFileType = file.storyboard; name = Base; path = Base.lproj/Main.storyboard; sourceTree = "<group>"; };
		21AEA8821D736770005EF030 /* Assets.xcassets */ = {isa = PBXFileReference; lastKnownFileType = folder.assetcatalog; path = Assets.xcassets; sourceTree = "<group>"; };
		21AEA8851D736770005EF030 /* Base */ = {isa = PBXFileReference; lastKnownFileType = file.storyboard; name = Base; path = Base.lproj/LaunchScreen.storyboard; sourceTree = "<group>"; };
		21AEA8871D736770005EF030 /* Info.plist */ = {isa = PBXFileReference; lastKnownFileType = text.plist.xml; path = Info.plist; sourceTree = "<group>"; };
		21D476A81D74CD780094FCBC /* MessageListTableViewController.swift */ = {isa = PBXFileReference; fileEncoding = 4; lastKnownFileType = sourcecode.swift; path = MessageListTableViewController.swift; sourceTree = "<group>"; };
		21D476AA1D74CDE10094FCBC /* ProfileViewController.swift */ = {isa = PBXFileReference; fileEncoding = 4; lastKnownFileType = sourcecode.swift; name = ProfileViewController.swift; path = ../ProfileViewController.swift; sourceTree = "<group>"; };
		21D476AE1D74CEF50094FCBC /* ContactsTableViewController.swift */ = {isa = PBXFileReference; fileEncoding = 4; lastKnownFileType = sourcecode.swift; name = ContactsTableViewController.swift; path = ../ContactsTableViewController.swift; sourceTree = "<group>"; };
		21D476B01D74CF230094FCBC /* ContactDetailViewController.swift */ = {isa = PBXFileReference; fileEncoding = 4; lastKnownFileType = sourcecode.swift; path = ContactDetailViewController.swift; sourceTree = "<group>"; };
		21D476B21D74CFC70094FCBC /* MessageDetailViewController.swift */ = {isa = PBXFileReference; fileEncoding = 4; lastKnownFileType = sourcecode.swift; path = MessageDetailViewController.swift; sourceTree = "<group>"; };
		21D476B51D74D0DD0094FCBC /* MessageTableViewCell.swift */ = {isa = PBXFileReference; fileEncoding = 4; lastKnownFileType = sourcecode.swift; path = MessageTableViewCell.swift; sourceTree = "<group>"; };
		21D476B81D74D1010094FCBC /* Model.xcdatamodel */ = {isa = PBXFileReference; lastKnownFileType = wrapper.xcdatamodel; path = Model.xcdatamodel; sourceTree = "<group>"; };
		21D476FD1D75FC580094FCBC /* User.swift */ = {isa = PBXFileReference; fileEncoding = 4; lastKnownFileType = sourcecode.swift; name = User.swift; path = ../User.swift; sourceTree = "<group>"; };
		21D477011D75FC580094FCBC /* Message.swift */ = {isa = PBXFileReference; fileEncoding = 4; lastKnownFileType = sourcecode.swift; name = Message.swift; path = ../Message.swift; sourceTree = "<group>"; };
		21D477091D75FD390094FCBC /* Stack.swift */ = {isa = PBXFileReference; fileEncoding = 4; lastKnownFileType = sourcecode.swift; path = Stack.swift; sourceTree = "<group>"; };
		21D477111D7603520094FCBC /* UserController.swift */ = {isa = PBXFileReference; fileEncoding = 4; lastKnownFileType = sourcecode.swift; path = UserController.swift; sourceTree = "<group>"; };
		21D477151D7603650094FCBC /* MessageController.swift */ = {isa = PBXFileReference; fileEncoding = 4; lastKnownFileType = sourcecode.swift; path = MessageController.swift; sourceTree = "<group>"; };
		21D477181D7603850094FCBC /* CloudKitManager.swift */ = {isa = PBXFileReference; fileEncoding = 4; lastKnownFileType = sourcecode.swift; name = CloudKitManager.swift; path = ../CloudKitManager.swift; sourceTree = "<group>"; };
		21D4773C1D7638AB0094FCBC /* LoginViewController.swift */ = {isa = PBXFileReference; fileEncoding = 4; lastKnownFileType = sourcecode.swift; path = LoginViewController.swift; sourceTree = "<group>"; };
		21D477421D767DC00094FCBC /* WhereYouApp.entitlements */ = {isa = PBXFileReference; lastKnownFileType = text.xml; path = WhereYouApp.entitlements; sourceTree = "<group>"; };
		21D477431D767DD40094FCBC /* CloudKit.framework */ = {isa = PBXFileReference; lastKnownFileType = wrapper.framework; name = CloudKit.framework; path = System/Library/Frameworks/CloudKit.framework; sourceTree = SDKROOT; };
		21D4777A1D7775990094FCBC /* MessageTesterViewController.swift */ = {isa = PBXFileReference; fileEncoding = 4; lastKnownFileType = sourcecode.swift; path = MessageTesterViewController.swift; sourceTree = "<group>"; };
		21F8FA681D78C264002F99DB /* Message+CoreDataProperties.swift */ = {isa = PBXFileReference; fileEncoding = 4; lastKnownFileType = sourcecode.swift; name = "Message+CoreDataProperties.swift"; path = "../Message+CoreDataProperties.swift"; sourceTree = "<group>"; };
		21F8FA6A1D78E97C002F99DB /* User+CoreDataProperties.swift */ = {isa = PBXFileReference; fileEncoding = 4; lastKnownFileType = sourcecode.swift; name = "User+CoreDataProperties.swift"; path = "../User+CoreDataProperties.swift"; sourceTree = "<group>"; };
/* End PBXFileReference section */

/* Begin PBXFrameworksBuildPhase section */
		21AEA8751D736770005EF030 /* Frameworks */ = {
			isa = PBXFrameworksBuildPhase;
			buildActionMask = 2147483647;
			files = (
				21D477441D767DD40094FCBC /* CloudKit.framework in Frameworks */,
			);
			runOnlyForDeploymentPostprocessing = 0;
		};
/* End PBXFrameworksBuildPhase section */

/* Begin PBXGroup section */
		21AEA86F1D736770005EF030 = {
			isa = PBXGroup;
			children = (
				21D477431D767DD40094FCBC /* CloudKit.framework */,
				21AEA87A1D736770005EF030 /* WhereYouApp */,
				21AEA8791D736770005EF030 /* Products */,
			);
			sourceTree = "<group>";
		};
		21AEA8791D736770005EF030 /* Products */ = {
			isa = PBXGroup;
			children = (
				21AEA8781D736770005EF030 /* WhereYouApp.app */,
			);
			name = Products;
			sourceTree = "<group>";
		};
		21AEA87A1D736770005EF030 /* WhereYouApp */ = {
			isa = PBXGroup;
			children = (
				21D477421D767DC00094FCBC /* WhereYouApp.entitlements */,
				21AEA87B1D736770005EF030 /* AppDelegate.swift */,
				21D476BA1D74D1070094FCBC /* CoreData Model */,
				21D477081D75FCB30094FCBC /* Model */,
				21D477171D76036B0094FCBC /* Model Controller */,
				21D476B41D74D0BC0094FCBC /* View Controller */,
				21AEA8821D736770005EF030 /* Assets.xcassets */,
				21AEA8841D736770005EF030 /* LaunchScreen.storyboard */,
				21AEA8871D736770005EF030 /* Info.plist */,
			);
			path = WhereYouApp;
			sourceTree = "<group>";
		};
		21D476B41D74D0BC0094FCBC /* View Controller */ = {
			isa = PBXGroup;
			children = (
				21D476A81D74CD780094FCBC /* MessageListTableViewController.swift */,
				21D476B21D74CFC70094FCBC /* MessageDetailViewController.swift */,
				21D476B51D74D0DD0094FCBC /* MessageTableViewCell.swift */,
				21D4777A1D7775990094FCBC /* MessageTesterViewController.swift */,
				21D4773C1D7638AB0094FCBC /* LoginViewController.swift */,
				21D476AE1D74CEF50094FCBC /* ContactsTableViewController.swift */,
				21D476B01D74CF230094FCBC /* ContactDetailViewController.swift */,
				21D476AA1D74CDE10094FCBC /* ProfileViewController.swift */,
				21AEA87F1D736770005EF030 /* Main.storyboard */,
			);
			name = "View Controller";
			sourceTree = "<group>";
		};
		21D476BA1D74D1070094FCBC /* CoreData Model */ = {
			isa = PBXGroup;
			children = (
				21F8FA681D78C264002F99DB /* Message+CoreDataProperties.swift */,
				21F8FA6A1D78E97C002F99DB /* User+CoreDataProperties.swift */,
				21D477091D75FD390094FCBC /* Stack.swift */,
				21D476B71D74D1010094FCBC /* Model.xcdatamodeld */,
			);
			name = "CoreData Model";
			sourceTree = "<group>";
		};
		21D477081D75FCB30094FCBC /* Model */ = {
			isa = PBXGroup;
			children = (
				21D476FD1D75FC580094FCBC /* User.swift */,
				21D477011D75FC580094FCBC /* Message.swift */,
			);
			name = Model;
			sourceTree = "<group>";
		};
		21D477171D76036B0094FCBC /* Model Controller */ = {
			isa = PBXGroup;
			children = (
				21D477111D7603520094FCBC /* UserController.swift */,
				21D477151D7603650094FCBC /* MessageController.swift */,
				21D477181D7603850094FCBC /* CloudKitManager.swift */,
			);
			name = "Model Controller";
			sourceTree = "<group>";
		};
/* End PBXGroup section */

/* Begin PBXNativeTarget section */
		21AEA8771D736770005EF030 /* WhereYouApp */ = {
			isa = PBXNativeTarget;
			buildConfigurationList = 21AEA88A1D736770005EF030 /* Build configuration list for PBXNativeTarget "WhereYouApp" */;
			buildPhases = (
				21AEA8741D736770005EF030 /* Sources */,
				21AEA8751D736770005EF030 /* Frameworks */,
				21AEA8761D736770005EF030 /* Resources */,
			);
			buildRules = (
			);
			dependencies = (
			);
			name = WhereYouApp;
			productName = WhereYouApp;
			productReference = 21AEA8781D736770005EF030 /* WhereYouApp.app */;
			productType = "com.apple.product-type.application";
		};
/* End PBXNativeTarget section */

/* Begin PBXProject section */
		21AEA8701D736770005EF030 /* Project object */ = {
			isa = PBXProject;
			attributes = {
				LastSwiftUpdateCheck = 0730;
				LastUpgradeCheck = 0730;
				ORGANIZATIONNAME = PatrickRidd;
				TargetAttributes = {
					21AEA8771D736770005EF030 = {
						CreatedOnToolsVersion = 7.3;
						DevelopmentTeam = CVQEUYD92N;
						SystemCapabilities = {
							com.apple.BackgroundModes = {
								enabled = 1;
							};
							com.apple.iCloud = {
								enabled = 1;
							};
						};
					};
				};
			};
			buildConfigurationList = 21AEA8731D736770005EF030 /* Build configuration list for PBXProject "WhereYouApp" */;
			compatibilityVersion = "Xcode 3.2";
			developmentRegion = English;
			hasScannedForEncodings = 0;
			knownRegions = (
				en,
				Base,
			);
			mainGroup = 21AEA86F1D736770005EF030;
			productRefGroup = 21AEA8791D736770005EF030 /* Products */;
			projectDirPath = "";
			projectRoot = "";
			targets = (
				21AEA8771D736770005EF030 /* WhereYouApp */,
			);
		};
/* End PBXProject section */

/* Begin PBXResourcesBuildPhase section */
		21AEA8761D736770005EF030 /* Resources */ = {
			isa = PBXResourcesBuildPhase;
			buildActionMask = 2147483647;
			files = (
				21AEA8861D736770005EF030 /* LaunchScreen.storyboard in Resources */,
				21AEA8831D736770005EF030 /* Assets.xcassets in Resources */,
				21AEA8811D736770005EF030 /* Main.storyboard in Resources */,
			);
			runOnlyForDeploymentPostprocessing = 0;
		};
/* End PBXResourcesBuildPhase section */

/* Begin PBXSourcesBuildPhase section */
		21AEA8741D736770005EF030 /* Sources */ = {
			isa = PBXSourcesBuildPhase;
			buildActionMask = 2147483647;
			files = (
				21D477161D7603650094FCBC /* MessageController.swift in Sources */,
				21D4770A1D75FD390094FCBC /* Stack.swift in Sources */,
				21D477121D7603520094FCBC /* UserController.swift in Sources */,
				21D476B61D74D0DD0094FCBC /* MessageTableViewCell.swift in Sources */,
				21D476AB1D74CDE10094FCBC /* ProfileViewController.swift in Sources */,
				21D4773D1D7638AB0094FCBC /* LoginViewController.swift in Sources */,
				21D477191D7603850094FCBC /* CloudKitManager.swift in Sources */,
				21D476B11D74CF230094FCBC /* ContactDetailViewController.swift in Sources */,
				21D476B91D74D1010094FCBC /* Model.xcdatamodeld in Sources */,
				21AEA87C1D736770005EF030 /* AppDelegate.swift in Sources */,
				21F8FA6B1D78E97C002F99DB /* User+CoreDataProperties.swift in Sources */,
				21D476AF1D74CEF50094FCBC /* ContactsTableViewController.swift in Sources */,
				21D476A91D74CD780094FCBC /* MessageListTableViewController.swift in Sources */,
				21D476B31D74CFC70094FCBC /* MessageDetailViewController.swift in Sources */,
				21D4777B1D7775990094FCBC /* MessageTesterViewController.swift in Sources */,
				21D477031D75FC580094FCBC /* User.swift in Sources */,
				21D477071D75FC580094FCBC /* Message.swift in Sources */,
				21F8FA691D78C264002F99DB /* Message+CoreDataProperties.swift in Sources */,
			);
			runOnlyForDeploymentPostprocessing = 0;
		};
/* End PBXSourcesBuildPhase section */

/* Begin PBXVariantGroup section */
		21AEA87F1D736770005EF030 /* Main.storyboard */ = {
			isa = PBXVariantGroup;
			children = (
				21AEA8801D736770005EF030 /* Base */,
			);
			name = Main.storyboard;
			sourceTree = "<group>";
		};
		21AEA8841D736770005EF030 /* LaunchScreen.storyboard */ = {
			isa = PBXVariantGroup;
			children = (
				21AEA8851D736770005EF030 /* Base */,
			);
			name = LaunchScreen.storyboard;
			sourceTree = "<group>";
		};
/* End PBXVariantGroup section */

/* Begin XCBuildConfiguration section */
		21AEA8881D736770005EF030 /* Debug */ = {
			isa = XCBuildConfiguration;
			buildSettings = {
				ALWAYS_SEARCH_USER_PATHS = NO;
				CLANG_ANALYZER_NONNULL = YES;
				CLANG_CXX_LANGUAGE_STANDARD = "gnu++0x";
				CLANG_CXX_LIBRARY = "libc++";
				CLANG_ENABLE_MODULES = YES;
				CLANG_ENABLE_OBJC_ARC = YES;
				CLANG_WARN_BOOL_CONVERSION = YES;
				CLANG_WARN_CONSTANT_CONVERSION = YES;
				CLANG_WARN_DIRECT_OBJC_ISA_USAGE = YES_ERROR;
				CLANG_WARN_EMPTY_BODY = YES;
				CLANG_WARN_ENUM_CONVERSION = YES;
				CLANG_WARN_INT_CONVERSION = YES;
				CLANG_WARN_OBJC_ROOT_CLASS = YES_ERROR;
				CLANG_WARN_UNREACHABLE_CODE = YES;
				CLANG_WARN__DUPLICATE_METHOD_MATCH = YES;
				"CODE_SIGN_IDENTITY[sdk=iphoneos*]" = "iPhone Developer";
				COPY_PHASE_STRIP = NO;
				DEBUG_INFORMATION_FORMAT = dwarf;
				ENABLE_STRICT_OBJC_MSGSEND = YES;
				ENABLE_TESTABILITY = YES;
				GCC_C_LANGUAGE_STANDARD = gnu99;
				GCC_DYNAMIC_NO_PIC = NO;
				GCC_NO_COMMON_BLOCKS = YES;
				GCC_OPTIMIZATION_LEVEL = 0;
				GCC_PREPROCESSOR_DEFINITIONS = (
					"DEBUG=1",
					"$(inherited)",
				);
				GCC_WARN_64_TO_32_BIT_CONVERSION = YES;
				GCC_WARN_ABOUT_RETURN_TYPE = YES_ERROR;
				GCC_WARN_UNDECLARED_SELECTOR = YES;
				GCC_WARN_UNINITIALIZED_AUTOS = YES_AGGRESSIVE;
				GCC_WARN_UNUSED_FUNCTION = YES;
				GCC_WARN_UNUSED_VARIABLE = YES;
				IPHONEOS_DEPLOYMENT_TARGET = 9.3;
				MTL_ENABLE_DEBUG_INFO = YES;
				ONLY_ACTIVE_ARCH = YES;
				SDKROOT = iphoneos;
				SWIFT_OPTIMIZATION_LEVEL = "-Onone";
				TARGETED_DEVICE_FAMILY = "1,2";
			};
			name = Debug;
		};
		21AEA8891D736770005EF030 /* Release */ = {
			isa = XCBuildConfiguration;
			buildSettings = {
				ALWAYS_SEARCH_USER_PATHS = NO;
				CLANG_ANALYZER_NONNULL = YES;
				CLANG_CXX_LANGUAGE_STANDARD = "gnu++0x";
				CLANG_CXX_LIBRARY = "libc++";
				CLANG_ENABLE_MODULES = YES;
				CLANG_ENABLE_OBJC_ARC = YES;
				CLANG_WARN_BOOL_CONVERSION = YES;
				CLANG_WARN_CONSTANT_CONVERSION = YES;
				CLANG_WARN_DIRECT_OBJC_ISA_USAGE = YES_ERROR;
				CLANG_WARN_EMPTY_BODY = YES;
				CLANG_WARN_ENUM_CONVERSION = YES;
				CLANG_WARN_INT_CONVERSION = YES;
				CLANG_WARN_OBJC_ROOT_CLASS = YES_ERROR;
				CLANG_WARN_UNREACHABLE_CODE = YES;
				CLANG_WARN__DUPLICATE_METHOD_MATCH = YES;
				"CODE_SIGN_IDENTITY[sdk=iphoneos*]" = "iPhone Developer";
				COPY_PHASE_STRIP = NO;
				DEBUG_INFORMATION_FORMAT = "dwarf-with-dsym";
				ENABLE_NS_ASSERTIONS = NO;
				ENABLE_STRICT_OBJC_MSGSEND = YES;
				GCC_C_LANGUAGE_STANDARD = gnu99;
				GCC_NO_COMMON_BLOCKS = YES;
				GCC_WARN_64_TO_32_BIT_CONVERSION = YES;
				GCC_WARN_ABOUT_RETURN_TYPE = YES_ERROR;
				GCC_WARN_UNDECLARED_SELECTOR = YES;
				GCC_WARN_UNINITIALIZED_AUTOS = YES_AGGRESSIVE;
				GCC_WARN_UNUSED_FUNCTION = YES;
				GCC_WARN_UNUSED_VARIABLE = YES;
				IPHONEOS_DEPLOYMENT_TARGET = 9.3;
				MTL_ENABLE_DEBUG_INFO = NO;
				SDKROOT = iphoneos;
				TARGETED_DEVICE_FAMILY = "1,2";
				VALIDATE_PRODUCT = YES;
			};
			name = Release;
		};
		21AEA88B1D736770005EF030 /* Debug */ = {
			isa = XCBuildConfiguration;
			buildSettings = {
				ASSETCATALOG_COMPILER_APPICON_NAME = AppIcon;
				CODE_SIGN_ENTITLEMENTS = WhereYouApp/WhereYouApp.entitlements;
				CODE_SIGN_IDENTITY = "iPhone Developer";
				INFOPLIST_FILE = WhereYouApp/Info.plist;
				LD_RUNPATH_SEARCH_PATHS = "$(inherited) @executable_path/Frameworks";
				PRODUCT_BUNDLE_IDENTIFIER = com.PatrickRidd.WhereYouApp;
				PRODUCT_NAME = "$(TARGET_NAME)";
			};
			name = Debug;
		};
		21AEA88C1D736770005EF030 /* Release */ = {
			isa = XCBuildConfiguration;
			buildSettings = {
				ASSETCATALOG_COMPILER_APPICON_NAME = AppIcon;
				CODE_SIGN_ENTITLEMENTS = WhereYouApp/WhereYouApp.entitlements;
				CODE_SIGN_IDENTITY = "iPhone Developer";
				INFOPLIST_FILE = WhereYouApp/Info.plist;
				LD_RUNPATH_SEARCH_PATHS = "$(inherited) @executable_path/Frameworks";
				PRODUCT_BUNDLE_IDENTIFIER = com.PatrickRidd.WhereYouApp;
				PRODUCT_NAME = "$(TARGET_NAME)";
			};
			name = Release;
		};
/* End XCBuildConfiguration section */

/* Begin XCConfigurationList section */
		21AEA8731D736770005EF030 /* Build configuration list for PBXProject "WhereYouApp" */ = {
			isa = XCConfigurationList;
			buildConfigurations = (
				21AEA8881D736770005EF030 /* Debug */,
				21AEA8891D736770005EF030 /* Release */,
			);
			defaultConfigurationIsVisible = 0;
			defaultConfigurationName = Release;
		};
		21AEA88A1D736770005EF030 /* Build configuration list for PBXNativeTarget "WhereYouApp" */ = {
			isa = XCConfigurationList;
			buildConfigurations = (
				21AEA88B1D736770005EF030 /* Debug */,
				21AEA88C1D736770005EF030 /* Release */,
			);
			defaultConfigurationIsVisible = 0;
			defaultConfigurationName = Release;
		};
/* End XCConfigurationList section */

/* Begin XCVersionGroup section */
		21D476B71D74D1010094FCBC /* Model.xcdatamodeld */ = {
			isa = XCVersionGroup;
			children = (
				21D476B81D74D1010094FCBC /* Model.xcdatamodel */,
			);
			currentVersion = 21D476B81D74D1010094FCBC /* Model.xcdatamodel */;
			path = Model.xcdatamodeld;
			sourceTree = "<group>";
			versionGroupType = wrapper.xcdatamodel;
		};
/* End XCVersionGroup section */
	};
	rootObject = 21AEA8701D736770005EF030 /* Project object */;
}
